{
  "nodes": {
    "cargo-clif": {
      "flake": false,
      "locked": {
        "lastModified": 1686060723,
        "narHash": "sha256-SV/qtsAbGcRDJhmPHIgsD24Eok4cvhRIv2O/lSp2FQw=",
        "owner": "bjorn3",
        "repo": "rustc_codegen_cranelift",
        "rev": "436bed8b7f775355d3fbd3eb722414a7aae67501",
        "type": "github"
      },
      "original": {
        "owner": "bjorn3",
        "repo": "rustc_codegen_cranelift",
        "type": "github"
      }
    },
    "fenix": {
      "inputs": {
        "nixpkgs": "nixpkgs",
        "rust-analyzer-src": "rust-analyzer-src"
      },
      "locked": {
        "lastModified": 1686205299,
        "narHash": "sha256-w/Er/Qb2ucDHlFwOTpxFSYH38XZbVi8aAFGlMcWjhYo=",
        "owner": "nix-community",
        "repo": "fenix",
        "rev": "688951d4944e60a4ff212714459206071d49757f",
        "type": "github"
      },
      "original": {
        "owner": "nix-community",
        "repo": "fenix",
        "type": "github"
      }
    },
    "nixpkgs": {
      "locked": {
        "lastModified": 1686135559,
        "narHash": "sha256-pY8waAV8K/sbHBdLn5diPFnQKpNg0YS9w03MrD2lUGE=",
        "owner": "nixos",
        "repo": "nixpkgs",
        "rev": "381e92a35e2d196fdd6077680dca0cd0197e75cb",
        "type": "github"
      },
      "original": {
        "owner": "nixos",
        "ref": "nixos-unstable",
        "repo": "nixpkgs",
        "type": "github"
      }
    },
    "nixpkgs_2": {
      "locked": {
        "lastModified": 1686217150,
        "narHash": "sha256-60S6pVv2KgM1MPkLJmhFzkoo6/OibjyKqjryfvsE7W4=",
        "owner": "NixOS",
        "repo": "nixpkgs",
        "rev": "248a0d15f15da0725d8346400796c3dc114ce201",
        "type": "github"
      },
      "original": {
        "owner": "NixOS",
        "ref": "release-23.05",
        "repo": "nixpkgs",
        "type": "github"
      }
    },
    "root": {
      "inputs": {
        "cargo-clif": "cargo-clif",
        "fenix": "fenix",
        "nixpkgs": "nixpkgs_2"
      }
    },
    "rust-analyzer-src": {
      "flake": false,
      "locked": {
        "lastModified": 1686239338,
        "narHash": "sha256-c6Mm7UnDf3j3akY3YB3rELFA76QRbB8ttSBsh00LWi0=",
        "owner": "rust-lang",
        "repo": "rust-analyzer",
        "rev": "9c03aa1ac2e67051db83a85baf3cfee902e4dd84",
        "type": "github"
      },
      "original": {
        "owner": "rust-lang",
        "ref": "nightly",
        "repo": "rust-analyzer",
        "type": "github"
      }
    }
  },
  "root": "root",
  "version": 7
}
