{
  "nodes": {
    "cargo-clif": {
      "flake": false,
      "locked": {
        "lastModified": 1687522655,
        "narHash": "sha256-syFemXNbQ4Y4hb1Lci/YiiI0tPw0Ck+k83JlRW9oVGQ=",
        "owner": "bjorn3",
        "repo": "rustc_codegen_cranelift",
        "rev": "e44f47adf7e2021bdbe5771a74646525437d7477",
        "type": "github"
      },
      "original": {
        "owner": "bjorn3",
        "repo": "rustc_codegen_cranelift",
        "type": "github"
      }
    },
    "fenix": {
      "inputs": {
        "nixpkgs": "nixpkgs",
        "rust-analyzer-src": "rust-analyzer-src"
      },
      "locked": {
        "lastModified": 1687587840,
        "narHash": "sha256-tj6XNs6OgIOA3egl6sUIA+LsUi9Lk0VNJt1bTWvn+cw=",
        "owner": "nix-community",
        "repo": "fenix",
        "rev": "a25163cf5b40656b45d9363d6404564272d8f6e5",
        "type": "github"
      },
      "original": {
        "owner": "nix-community",
        "repo": "fenix",
        "type": "github"
      }
    },
    "nixpkgs": {
      "locked": {
        "lastModified": 1687502512,
        "narHash": "sha256-dBL/01TayOSZYxtY4cMXuNCBk8UMLoqRZA+94xiFpJA=",
        "owner": "nixos",
        "repo": "nixpkgs",
        "rev": "3ae20aa58a6c0d1ca95c9b11f59a2d12eebc511f",
        "type": "github"
      },
      "original": {
        "owner": "nixos",
        "ref": "nixos-unstable",
        "repo": "nixpkgs",
        "type": "github"
      }
    },
    "nixpkgs_2": {
      "locked": {
        "lastModified": 1687645605,
        "narHash": "sha256-HTbXezpXNtoSFhNf2s+7XYiE9vFQTg9i48d5SxoaWK8=",
        "owner": "NixOS",
        "repo": "nixpkgs",
        "rev": "ee3d8c299c484fd661891ef32ca9d1eb65da22d1",
        "type": "github"
      },
      "original": {
        "owner": "NixOS",
        "ref": "release-23.05",
        "repo": "nixpkgs",
        "type": "github"
      }
    },
    "root": {
      "inputs": {
        "cargo-clif": "cargo-clif",
        "fenix": "fenix",
        "nixpkgs": "nixpkgs_2"
      }
    },
    "rust-analyzer-src": {
      "flake": false,
      "locked": {
        "lastModified": 1687543309,
        "narHash": "sha256-8oHRXbZ/G3JNtNgdgmZbG+0njutvKYugXxqTwCfeDHM=",
        "owner": "rust-lang",
        "repo": "rust-analyzer",
        "rev": "6ba2590541fb284555596e8b7967b05aaa576c22",
        "type": "github"
      },
      "original": {
        "owner": "rust-lang",
        "ref": "nightly",
        "repo": "rust-analyzer",
        "type": "github"
      }
    }
  },
  "root": "root",
  "version": 7
}
