{
  "nodes": {
    "cargo-clif": {
      "flake": false,
      "locked": {
        "lastModified": 1686060723,
        "narHash": "sha256-SV/qtsAbGcRDJhmPHIgsD24Eok4cvhRIv2O/lSp2FQw=",
        "owner": "bjorn3",
        "repo": "rustc_codegen_cranelift",
        "rev": "436bed8b7f775355d3fbd3eb722414a7aae67501",
        "type": "github"
      },
      "original": {
        "owner": "bjorn3",
        "repo": "rustc_codegen_cranelift",
        "type": "github"
      }
    },
    "fenix": {
      "inputs": {
        "nixpkgs": "nixpkgs",
        "rust-analyzer-src": "rust-analyzer-src"
      },
      "locked": {
        "lastModified": 1685946131,
        "narHash": "sha256-JFMAdvdfpEeuCthHp7wkPqO7zEnczkHkxAHjfCsbb7o=",
        "owner": "nix-community",
        "repo": "fenix",
        "rev": "8eb1ef70f08f9df2941087abbe59d15779ebfbc4",
        "type": "github"
      },
      "original": {
        "owner": "nix-community",
        "repo": "fenix",
        "type": "github"
      }
    },
    "nixpkgs": {
      "locked": {
        "lastModified": 1685836261,
        "narHash": "sha256-rpxEPGeW4JZJcH58SQApJUtJ7w78VPtkF6Cut/Pq6Kg=",
        "owner": "nixos",
        "repo": "nixpkgs",
        "rev": "dd4982554e18b936790da07c4ea2db7c7600f283",
        "type": "github"
      },
      "original": {
        "owner": "nixos",
        "ref": "nixos-unstable",
        "repo": "nixpkgs",
        "type": "github"
      }
    },
    "nixpkgs_2": {
      "locked": {
        "lastModified": 1686217150,
        "narHash": "sha256-60S6pVv2KgM1MPkLJmhFzkoo6/OibjyKqjryfvsE7W4=",
        "owner": "NixOS",
        "repo": "nixpkgs",
        "rev": "248a0d15f15da0725d8346400796c3dc114ce201",
        "type": "github"
      },
      "original": {
        "owner": "NixOS",
        "ref": "release-23.05",
        "repo": "nixpkgs",
        "type": "github"
      }
    },
    "root": {
      "inputs": {
        "cargo-clif": "cargo-clif",
        "fenix": "fenix",
        "nixpkgs": "nixpkgs_2"
      }
    },
    "rust-analyzer-src": {
      "flake": false,
      "locked": {
        "lastModified": 1685903123,
        "narHash": "sha256-IHfvZ8cbn/rgueO7ZvFUHWPPvXEM/rrK1YATwucHVbM=",
        "owner": "rust-lang",
        "repo": "rust-analyzer",
        "rev": "2f1b7cedcf5044ba620646c6758bbb99f46b8d95",
        "type": "github"
      },
      "original": {
        "owner": "rust-lang",
        "ref": "nightly",
        "repo": "rust-analyzer",
        "type": "github"
      }
    }
  },
  "root": "root",
  "version": 7
}
